{
    "_meta": {
        "hash": {
            "sha256": "81ff7ac69486e6694c8097d71cb38ce2b528f0ffe150fc8087f9b1a6be5f1461"
        },
        "pipfile-spec": 6,
        "requires": {
            "python_version": "3.11"
        },
        "sources": [
            {
                "name": "pypi",
                "url": "https://pypi.org/simple",
                "verify_ssl": true
            }
        ]
    },
    "default": {
        "markdown2": {
            "hashes": [
                "sha256:cdba126d90dc3aef6f4070ac342f974d63f415678959329cc7909f96cc235d72",
                "sha256:e6105800483783831f5dc54f827aa5b44eb137ecef5a70293d8ecfbb4109ecc6"
            ],
            "index": "pypi",
            "version": "==2.4.10"
        }
    },
    "develop": {}
}
